
Microsoft Visual Studio Solution File, Format Version 12.00
# Visual Studio Version 16
VisualStudioVersion = 16.0.29409.12
MinimumVisualStudioVersion = 10.0.40219.1
Project("{FAE04EC0-301F-11D3-BF4B-00C04F79EFBC}") = "project", "project\project.csproj", "{1566F0D1-0619-40FD-98EB-51D1E291F2CF}"
EndProject
Global
	GlobalSection(SolutionConfigurationPlatforms) = preSolution
		Debug|Any CPU = Debug|Any CPU
		Release|Any CPU = Release|Any CPU
	EndGlobalSection
	GlobalSection(ProjectConfigurationPlatforms) = postSolution
		{1566F0D1-0619-40FD-98EB-51D1E291F2CF}.Debug|Any CPU.ActiveCfg = Debug|Any CPU
		{1566F0D1-0619-40FD-98EB-51D1E291F2CF}.Debug|Any CPU.Build.0 = Debug|Any CPU
		{1566F0D1-0619-40FD-98EB-51D1E291F2CF}.Release|Any CPU.ActiveCfg = Release|Any CPU
		{1566F0D1-0619-40FD-98EB-51D1E291F2CF}.Release|Any CPU.Build.0 = Release|Any CPU
	EndGlobalSection
	GlobalSection(SolutionProperties) = preSolution
		HideSolutionNode = FALSE
	EndGlobalSection
	GlobalSection(ExtensibilityGlobals) = postSolution
		SolutionGuid = {8964FD41-8B05-44FF-81DC-0C2D45688DFF}
	EndGlobalSection
EndGlobal
